{
  "nodes": {
    "catppuccin": {
      "inputs": {
        "nixpkgs": [
          "nixpkgs"
        ]
      },
      "locked": {
        "lastModified": 1789553013,
        "narHash": "sha256-W5dvgFOuVs24X3G5tUb8C2IHU7ICXNvyGPiWWFjfbuo=",
        "owner": "catppuccin",
        "repo": "nix",
        "rev": "89b3eacf59d6b5eefbc2d69c3a4eb5aaf66d63bc",
        "type": "github"
      },
      "original": {
        "owner": "catppuccin",
        "repo": "nix",
        "type": "github"
      }
    },
    "claude-code-proxy": {
      "inputs": {
        "nixpkgs": [
          "nixpkgs"
        ]
      },
      "locked": {
        "lastModified": 1786562982,
        "narHash": "sha256-vdZRZN2c9TIkJvr+e6Jje37xBznT5z+YnCIEZAfW8aA=",
        "owner": "raine",
        "repo": "claude-code-proxy",
        "rev": "cf2a3d55aa5fe2e1d4ca1104fed7359660f99ec3",
        "type": "github"
      },
      "original": {
        "owner": "raine",
        "ref": "v0.1.34",
        "repo": "claude-code-proxy",
        "type": "github"
      }
    },
    "claudecodex-src": {
      "flake": false,
      "locked": {
        "lastModified": 1784121901,
        "narHash": "sha256-2N9uVknyGo9YDqEtYbWyjPjdO4af7sBx7c04WxiP6eM=",
        "owner": "karem505",
        "repo": "claudecodex",
        "rev": "1bd7ee03c407bbe6d4449981b6402205487ac754",
        "type": "github"
      },
      "original": {
        "owner": "karem505",
        "repo": "claudecodex",
        "rev": "1bd7ee03c407bbe6d4449981b6402205487ac754",
        "type": "github"
      }
    },
    "flake-utils": {
      "inputs": {
        "systems": "systems"
      },
      "locked": {
        "lastModified": 1731533236,
        "narHash": "sha256-l0KFg5HjrsfsO/JpG+r7fRrqm12kzFHyUHqHCVpMMbI=",
        "owner": "numtide",
        "repo": "flake-utils",
        "rev": "11707dc2f618dd54ca8739b309ec4fc024de578b",
        "type": "github"
      },
      "original": {
        "owner": "numtide",
        "repo": "flake-utils",
        "type": "github"
      }
    },
    "home-manager": {
      "inputs": {
        "nixpkgs": [
          "nixpkgs"
        ]
      },
      "locked": {
        "lastModified": 1789867870,
        "narHash": "sha256-sOag/7DTqw4tXLI7UxjrZxPGV+dlTe6zFtJn0VSkgFM=",
        "owner": "nix-community",
        "repo": "home-manager",
        "rev": "d2a22a3659a6ae99847ea9176114f6957b8ac62e",
        "type": "github"
      },
      "original": {
        "owner": "nix-community",
        "repo": "home-manager",
        "type": "github"
      }
    },
    "home-manager_2": {
      "inputs": {
        "nixpkgs": [
          "nix-clawdbot",
          "nixpkgs"
        ]
      },
      "locked": {
        "lastModified": 1789311667,
        "narHash": "sha256-AHjqAlQ5CoNR+3Y6NqASoQXCwJTqYPDaVIlt913Mv/E=",
        "owner": "nix-community",
        "repo": "home-manager",
        "rev": "7e3645c737e803fcc98e27bc99c5835c700836f2",
        "type": "github"
      },
      "original": {
        "owner": "nix-community",
        "repo": "home-manager",
        "type": "github"
      }
    },
    "nix-clawdbot": {
      "inputs": {
        "flake-utils": "flake-utils",
        "home-manager": "home-manager_2",
        "nix-openclaw-tools": "nix-openclaw-tools",
        "nixpkgs": [
          "nixpkgs"
        ],
        "qmd": "qmd"
      },
      "locked": {
        "lastModified": 1789317541,
        "narHash": "sha256-Xorjux+14ZFpT79vI2iZf4mmpO7PROnSXLTO7xeOl0A=",
        "owner": "clawdbot",
        "repo": "nix-clawdbot",
        "rev": "8fe1d3cdfab5f1f3a73cf3dc9b6d2e13955f4860",
        "type": "github"
      },
      "original": {
        "owner": "clawdbot",
        "repo": "nix-clawdbot",
        "type": "github"
      }
    },
    "nix-darwin": {
      "inputs": {
        "nixpkgs": [
          "nixpkgs"
        ]
      },
      "locked": {
        "lastModified": 1786845137,
        "narHash": "sha256-oQFip+v0luP8NIxJzmiW4Wu8bILsbFWom5l0zonl8hQ=",
        "owner": "LnL7",
        "repo": "nix-darwin",
        "rev": "4cff07de74b50e64bdd68cd4e722ab5b6b35ee48",
        "type": "github"
      },
      "original": {
        "owner": "LnL7",
        "repo": "nix-darwin",
        "type": "github"
      }
    },
    "nix-openclaw-tools": {
      "inputs": {
        "nixpkgs": "nixpkgs"
      },
      "locked": {
        "lastModified": 1789275023,
        "narHash": "sha256-G2A3S2el2DtXNZl+a/aVkLt4oJof51fslCUeqCaF5z0=",
        "owner": "openclaw",
        "repo": "nix-openclaw-tools",
        "rev": "e1a2eb893d93f582f3e33589c5075171a5f2c3b2",
        "type": "github"
      },
      "original": {
        "owner": "openclaw",
        "repo": "nix-openclaw-tools",
        "type": "github"
      }
    },
    "nixpkgs": {
      "locked": {
        "lastModified": 1789073787,
        "narHash": "sha256-xfX/toC2QV707s06GbP4II/TxYF0fNQj7s5/LClNDKc=",
        "owner": "NixOS",
        "repo": "nixpkgs",
        "rev": "aff8a0b28396750446e5537a96461bc4facdb287",
        "type": "github"
      },
      "original": {
        "owner": "NixOS",
        "ref": "nixpkgs-unstable",
        "repo": "nixpkgs",
        "type": "github"
      }
    },
    "nixpkgs_2": {
      "locked": {
        "lastModified": 1789960332,
        "narHash": "sha256-MQ5my6vvo0z2iVQcKqrysutFWvsNw3/ynNxzjJon4yc=",
        "owner": "NixOS",
        "repo": "nixpkgs",
        "rev": "35e212742ceab4ae1dcfbfd9039a39215c816e8e",
        "type": "github"
      },
      "original": {
        "owner": "NixOS",
        "ref": "nixpkgs-unstable",
        "repo": "nixpkgs",
        "type": "github"
      }
    },
    "qmd": {
      "inputs": {
        "flake-utils": [
          "nix-clawdbot",
          "flake-utils"
        ],
        "nixpkgs": [
          "nix-clawdbot",
          "nixpkgs"
        ]
      },
      "locked": {
        "lastModified": 1786919312,
        "narHash": "sha256-/7Z94r/9rXqzKlz/YkB6/nToSCPamV4Dnxm8EhelTDo=",
        "owner": "tobi",
        "repo": "qmd",
        "rev": "facd35e01359e59d938bc9418e93fb9318addee3",
        "type": "github"
      },
      "original": {
        "owner": "tobi",
        "ref": "v2.8.3",
        "repo": "qmd",
        "type": "github"
      }
    },
    "root": {
      "inputs": {
        "catppuccin": "catppuccin",
        "claude-code-proxy": "claude-code-proxy",
        "claudecodex-src": "claudecodex-src",
        "home-manager": "home-manager",
        "nix-clawdbot": "nix-clawdbot",
        "nix-darwin": "nix-darwin",
        "nixpkgs": "nixpkgs_2"
      }
    },
    "systems": {
      "locked": {
        "lastModified": 1681028828,
        "narHash": "sha256-Vy1rq5AaRuLzOxct8nz4T6wlgyUR7zLU309k9mBC768=",
        "owner": "nix-systems",
        "repo": "default",
        "rev": "da67096a3b9bf56a91d16901293e51ba5b49a27e",
        "type": "github"
      },
      "original": {
        "owner": "nix-systems",
        "repo": "default",
        "type": "github"
      }
    }
  },
  "root": "root",
  "version": 7
}
